
Microsoft Visual Studio Solution File, Format Version 12.00
# Visual Studio Version 17
VisualStudioVersion = 17.4.33403.182
MinimumVisualStudioVersion = 10.0.40219.1
Project("{F184B08F-C81C-45F6-A57F-5ABD9991F28F}") = "Examen2-2", "Examen2-2.vbproj", "{FCE74A64-F822-4BF4-BC6D-1911305ABB5D}"
EndProject
Global
	GlobalSection(SolutionConfigurationPlatforms) = preSolution
		Debug|Any CPU = Debug|Any CPU
		Release|Any CPU = Release|Any CPU
	EndGlobalSection
	GlobalSection(ProjectConfigurationPlatforms) = postSolution
		{FCE74A64-F822-4BF4-BC6D-1911305ABB5D}.Debug|Any CPU.ActiveCfg = Debug|Any CPU
		{FCE74A64-F822-4BF4-BC6D-1911305ABB5D}.Debug|Any CPU.Build.0 = Debug|Any CPU
		{FCE74A64-F822-4BF4-BC6D-1911305ABB5D}.Release|Any CPU.ActiveCfg = Release|Any CPU
		{FCE74A64-F822-4BF4-BC6D-1911305ABB5D}.Release|Any CPU.Build.0 = Release|Any CPU
	EndGlobalSection
	GlobalSection(SolutionProperties) = preSolution
		HideSolutionNode = FALSE
	EndGlobalSection
	GlobalSection(ExtensibilityGlobals) = postSolution
		SolutionGuid = {6A3F51B0-D131-4D11-8A12-136675B2065D}
	EndGlobalSection
EndGlobal
